<Solution>
  <Folder Name="/.etc/">
    <File Path="Directory.Build.props" />
    <File Path="Directory.Packages.props" />
  </Folder>
  <Project Path="SDKlibs\Ducky.Sdk.Lib\Ducky.Sdk.Lib.csproj" Type="Classic C#" />
  <Project Path="SDKlibs\Ducky.Sdk\Ducky.Sdk.csproj" Type="Classic C#" />
  <Project Path="SG\Ducky.Sdk.Analyser\Ducky.Sdk.Analyser.csproj" Type="Classic C#" />
  <Project Path="Tests\Ducky.Sdk.Lib.Tests\Ducky.Sdk.Lib.Tests.csproj" Type="Classic C#" />
</Solution>
